// !$*UTF8*$!
{
	archiveVersion = 1;
	classes = {
	};
	objectVersion = 56;
	objects = {

/* Begin PBXBuildFile section */
		2A18A86529B537E70060F7DB /* Store.swift in Sources */ = {isa = PBXBuildFile; fileRef = 2A6C3EAE29AACA3200DE3EF8 /* Store.swift */; };
		2A18A86829B540FC0060F7DB /* AppStore.swift in Sources */ = {isa = PBXBuildFile; fileRef = 2A18A86729B540FC0060F7DB /* AppStore.swift */; };
		2A18A86D29B54BAF0060F7DB /* Assets.xcassets in Resources */ = {isa = PBXBuildFile; fileRef = 2A6C3EA129AAC9A800DE3EF8 /* Assets.xcassets */; };
		2A18A87429B689320060F7DB /* UserState.swift in Sources */ = {isa = PBXBuildFile; fileRef = 2A18A87329B689320060F7DB /* UserState.swift */; };
		2A18A87729B68C930060F7DB /* UserAction.swift in Sources */ = {isa = PBXBuildFile; fileRef = 2A18A87629B68C930060F7DB /* UserAction.swift */; };
		2A18A87929B68CFB0060F7DB /* AppReducer.swift in Sources */ = {isa = PBXBuildFile; fileRef = 2A18A87829B68CFB0060F7DB /* AppReducer.swift */; };
		2A18A87B29B68D330060F7DB /* AppAction.swift in Sources */ = {isa = PBXBuildFile; fileRef = 2A18A87A29B68D330060F7DB /* AppAction.swift */; };
		2A18A87D29B68D9A0060F7DB /* UserReducer.swift in Sources */ = {isa = PBXBuildFile; fileRef = 2A18A87C29B68D9A0060F7DB /* UserReducer.swift */; };
		2A18A87F29B68DF70060F7DB /* AppState.swift in Sources */ = {isa = PBXBuildFile; fileRef = 2A18A87E29B68DF70060F7DB /* AppState.swift */; };
		2A6C3E9E29AAC9A600DE3EF8 /* SwitchApp.swift in Sources */ = {isa = PBXBuildFile; fileRef = 2A6C3E9D29AAC9A600DE3EF8 /* SwitchApp.swift */; };
		2A6C3EA029AAC9A600DE3EF8 /* AuthenticationView.swift in Sources */ = {isa = PBXBuildFile; fileRef = 2A6C3E9F29AAC9A600DE3EF8 /* AuthenticationView.swift */; };
		2A6C3EA529AAC9A800DE3EF8 /* Preview Assets.xcassets in Resources */ = {isa = PBXBuildFile; fileRef = 2A6C3EA429AAC9A800DE3EF8 /* Preview Assets.xcassets */; };
		2A95483B29B74DD400B4AAEF /* ContentView.swift in Sources */ = {isa = PBXBuildFile; fileRef = 2A95483A29B74DD400B4AAEF /* ContentView.swift */; };
		2A95483D29B74F3300B4AAEF /* AuthenticationPresenter.swift in Sources */ = {isa = PBXBuildFile; fileRef = 2A95483C29B74F3300B4AAEF /* AuthenticationPresenter.swift */; };
		2A95484229B76E4600B4AAEF /* AuthenticationInteractor.swift in Sources */ = {isa = PBXBuildFile; fileRef = 2A95484129B76E4600B4AAEF /* AuthenticationInteractor.swift */; };
		2A95484629B772C700B4AAEF /* LoginUseCase.swift in Sources */ = {isa = PBXBuildFile; fileRef = 2A95484529B772C700B4AAEF /* LoginUseCase.swift */; };
		2A95484929B7738500B4AAEF /* LogoutUseCase.swift in Sources */ = {isa = PBXBuildFile; fileRef = 2A95484829B7738500B4AAEF /* LogoutUseCase.swift */; };
		2A95484D29B8EDDE00B4AAEF /* UserAuthenticationRepository.swift in Sources */ = {isa = PBXBuildFile; fileRef = 2A95484C29B8EDDE00B4AAEF /* UserAuthenticationRepository.swift */; };
		2A95485029B8EF9600B4AAEF /* AuthenticationService.swift in Sources */ = {isa = PBXBuildFile; fileRef = 2A95484F29B8EF9600B4AAEF /* AuthenticationService.swift */; };
		2AD8AC1829BCDCCD00C0525A /* ValidateUsernameUseCase.swift in Sources */ = {isa = PBXBuildFile; fileRef = 2AD8AC1729BCDCCD00C0525A /* ValidateUsernameUseCase.swift */; };
		2AD8AC1A29BCDF3000C0525A /* ValidatePasswordUseCase.swift in Sources */ = {isa = PBXBuildFile; fileRef = 2AD8AC1929BCDF3000C0525A /* ValidatePasswordUseCase.swift */; };
		2AD8AC1C29BD177C00C0525A /* Presenter.swift in Sources */ = {isa = PBXBuildFile; fileRef = 2AD8AC1B29BD177C00C0525A /* Presenter.swift */; };
		2AD8AC1E29BD17A300C0525A /* Interactor.swift in Sources */ = {isa = PBXBuildFile; fileRef = 2AD8AC1D29BD17A300C0525A /* Interactor.swift */; };
		2AD8AC2029BD1BC800C0525A /* UseCase.swift in Sources */ = {isa = PBXBuildFile; fileRef = 2AD8AC1F29BD1BC800C0525A /* UseCase.swift */; };
		2AD8AC2229BD1F1700C0525A /* UseCaseProviders.swift in Sources */ = {isa = PBXBuildFile; fileRef = 2AD8AC2129BD1F1700C0525A /* UseCaseProviders.swift */; };
		2AD8AC2529BD2A9100C0525A /* StateProviders.swift in Sources */ = {isa = PBXBuildFile; fileRef = 2AD8AC2429BD2A9100C0525A /* StateProviders.swift */; };
		2AD8AC2729BD2F1400C0525A /* InteractorProviders.swift in Sources */ = {isa = PBXBuildFile; fileRef = 2AD8AC2629BD2F1400C0525A /* InteractorProviders.swift */; };
		2AD8AC2929BD3DD900C0525A /* AppStore+StateProvider.swift in Sources */ = {isa = PBXBuildFile; fileRef = 2AD8AC2829BD3DD900C0525A /* AppStore+StateProvider.swift */; };
		2AD8AC3129BE5AF700C0525A /* AuthenticationViewModel.swift in Sources */ = {isa = PBXBuildFile; fileRef = 2AD8AC3029BE5AF700C0525A /* AuthenticationViewModel.swift */; };
		2AD8AC3329BE6F5700C0525A /* ViewModel.swift in Sources */ = {isa = PBXBuildFile; fileRef = 2AD8AC3229BE6F5700C0525A /* ViewModel.swift */; };
		2AD8AC3529BE964800C0525A /* ViewFactory.swift in Sources */ = {isa = PBXBuildFile; fileRef = 2AD8AC3429BE964800C0525A /* ViewFactory.swift */; };
		2AD8AC3929BE98A300C0525A /* Mocks.swift in Sources */ = {isa = PBXBuildFile; fileRef = 2AD8AC3829BE98A300C0525A /* Mocks.swift */; };
/* End PBXBuildFile section */

/* Begin PBXFileReference section */
		2A18A86629B540480060F7DB /* Info.plist */ = {isa = PBXFileReference; lastKnownFileType = text.plist.xml; path = Info.plist; sourceTree = "<group>"; };
		2A18A86729B540FC0060F7DB /* AppStore.swift */ = {isa = PBXFileReference; lastKnownFileType = sourcecode.swift; path = AppStore.swift; sourceTree = "<group>"; };
		2A18A87329B689320060F7DB /* UserState.swift */ = {isa = PBXFileReference; lastKnownFileType = sourcecode.swift; path = UserState.swift; sourceTree = "<group>"; };
		2A18A87629B68C930060F7DB /* UserAction.swift */ = {isa = PBXFileReference; lastKnownFileType = sourcecode.swift; path = UserAction.swift; sourceTree = "<group>"; };
		2A18A87829B68CFB0060F7DB /* AppReducer.swift */ = {isa = PBXFileReference; lastKnownFileType = sourcecode.swift; path = AppReducer.swift; sourceTree = "<group>"; };
		2A18A87A29B68D330060F7DB /* AppAction.swift */ = {isa = PBXFileReference; lastKnownFileType = sourcecode.swift; path = AppAction.swift; sourceTree = "<group>"; };
		2A18A87C29B68D9A0060F7DB /* UserReducer.swift */ = {isa = PBXFileReference; lastKnownFileType = sourcecode.swift; path = UserReducer.swift; sourceTree = "<group>"; };
		2A18A87E29B68DF70060F7DB /* AppState.swift */ = {isa = PBXFileReference; lastKnownFileType = sourcecode.swift; path = AppState.swift; sourceTree = "<group>"; };
		2A6C3E9A29AAC9A600DE3EF8 /* Switch.app */ = {isa = PBXFileReference; explicitFileType = wrapper.application; includeInIndex = 0; path = Switch.app; sourceTree = BUILT_PRODUCTS_DIR; };
		2A6C3E9D29AAC9A600DE3EF8 /* SwitchApp.swift */ = {isa = PBXFileReference; lastKnownFileType = sourcecode.swift; path = SwitchApp.swift; sourceTree = "<group>"; };
		2A6C3E9F29AAC9A600DE3EF8 /* AuthenticationView.swift */ = {isa = PBXFileReference; lastKnownFileType = sourcecode.swift; path = AuthenticationView.swift; sourceTree = "<group>"; };
		2A6C3EA129AAC9A800DE3EF8 /* Assets.xcassets */ = {isa = PBXFileReference; lastKnownFileType = folder.assetcatalog; path = Assets.xcassets; sourceTree = "<group>"; };
		2A6C3EA429AAC9A800DE3EF8 /* Preview Assets.xcassets */ = {isa = PBXFileReference; lastKnownFileType = folder.assetcatalog; path = "Preview Assets.xcassets"; sourceTree = "<group>"; };
		2A6C3EAE29AACA3200DE3EF8 /* Store.swift */ = {isa = PBXFileReference; lastKnownFileType = sourcecode.swift; path = Store.swift; sourceTree = "<group>"; };
		2A95483A29B74DD400B4AAEF /* ContentView.swift */ = {isa = PBXFileReference; lastKnownFileType = sourcecode.swift; path = ContentView.swift; sourceTree = "<group>"; };
		2A95483C29B74F3300B4AAEF /* AuthenticationPresenter.swift */ = {isa = PBXFileReference; lastKnownFileType = sourcecode.swift; path = AuthenticationPresenter.swift; sourceTree = "<group>"; };
		2A95484129B76E4600B4AAEF /* AuthenticationInteractor.swift */ = {isa = PBXFileReference; lastKnownFileType = sourcecode.swift; path = AuthenticationInteractor.swift; sourceTree = "<group>"; };
		2A95484529B772C700B4AAEF /* LoginUseCase.swift */ = {isa = PBXFileReference; lastKnownFileType = sourcecode.swift; path = LoginUseCase.swift; sourceTree = "<group>"; };
		2A95484829B7738500B4AAEF /* LogoutUseCase.swift */ = {isa = PBXFileReference; lastKnownFileType = sourcecode.swift; path = LogoutUseCase.swift; sourceTree = "<group>"; };
		2A95484C29B8EDDE00B4AAEF /* UserAuthenticationRepository.swift */ = {isa = PBXFileReference; lastKnownFileType = sourcecode.swift; path = UserAuthenticationRepository.swift; sourceTree = "<group>"; };
		2A95484F29B8EF9600B4AAEF /* AuthenticationService.swift */ = {isa = PBXFileReference; lastKnownFileType = sourcecode.swift; path = AuthenticationService.swift; sourceTree = "<group>"; };
		2AD8AC1729BCDCCD00C0525A /* ValidateUsernameUseCase.swift */ = {isa = PBXFileReference; lastKnownFileType = sourcecode.swift; path = ValidateUsernameUseCase.swift; sourceTree = "<group>"; };
		2AD8AC1929BCDF3000C0525A /* ValidatePasswordUseCase.swift */ = {isa = PBXFileReference; lastKnownFileType = sourcecode.swift; path = ValidatePasswordUseCase.swift; sourceTree = "<group>"; };
		2AD8AC1B29BD177C00C0525A /* Presenter.swift */ = {isa = PBXFileReference; lastKnownFileType = sourcecode.swift; path = Presenter.swift; sourceTree = "<group>"; };
		2AD8AC1D29BD17A300C0525A /* Interactor.swift */ = {isa = PBXFileReference; lastKnownFileType = sourcecode.swift; path = Interactor.swift; sourceTree = "<group>"; };
		2AD8AC1F29BD1BC800C0525A /* UseCase.swift */ = {isa = PBXFileReference; lastKnownFileType = sourcecode.swift; path = UseCase.swift; sourceTree = "<group>"; };
		2AD8AC2129BD1F1700C0525A /* UseCaseProviders.swift */ = {isa = PBXFileReference; lastKnownFileType = sourcecode.swift; path = UseCaseProviders.swift; sourceTree = "<group>"; };
		2AD8AC2429BD2A9100C0525A /* StateProviders.swift */ = {isa = PBXFileReference; lastKnownFileType = sourcecode.swift; path = StateProviders.swift; sourceTree = "<group>"; };
		2AD8AC2629BD2F1400C0525A /* InteractorProviders.swift */ = {isa = PBXFileReference; lastKnownFileType = sourcecode.swift; path = InteractorProviders.swift; sourceTree = "<group>"; };
		2AD8AC2829BD3DD900C0525A /* AppStore+StateProvider.swift */ = {isa = PBXFileReference; lastKnownFileType = sourcecode.swift; path = "AppStore+StateProvider.swift"; sourceTree = "<group>"; };
		2AD8AC3029BE5AF700C0525A /* AuthenticationViewModel.swift */ = {isa = PBXFileReference; lastKnownFileType = sourcecode.swift; path = AuthenticationViewModel.swift; sourceTree = "<group>"; };
		2AD8AC3229BE6F5700C0525A /* ViewModel.swift */ = {isa = PBXFileReference; lastKnownFileType = sourcecode.swift; path = ViewModel.swift; sourceTree = "<group>"; };
		2AD8AC3429BE964800C0525A /* ViewFactory.swift */ = {isa = PBXFileReference; lastKnownFileType = sourcecode.swift; path = ViewFactory.swift; sourceTree = "<group>"; };
		2AD8AC3829BE98A300C0525A /* Mocks.swift */ = {isa = PBXFileReference; lastKnownFileType = sourcecode.swift; path = Mocks.swift; sourceTree = "<group>"; };
/* End PBXFileReference section */

/* Begin PBXFrameworksBuildPhase section */
		2A6C3E9729AAC9A600DE3EF8 /* Frameworks */ = {
			isa = PBXFrameworksBuildPhase;
			buildActionMask = 2147483647;
			files = (
			);
			runOnlyForDeploymentPostprocessing = 0;
		};
/* End PBXFrameworksBuildPhase section */

/* Begin PBXGroup section */
		2A18A86929B5422B0060F7DB /* Resources */ = {
			isa = PBXGroup;
			children = (
				2A6C3EA129AAC9A800DE3EF8 /* Assets.xcassets */,
				2A18A86629B540480060F7DB /* Info.plist */,
			);
			path = Resources;
			sourceTree = "<group>";
		};
		2A18A86A29B5462D0060F7DB /* Sources */ = {
			isa = PBXGroup;
			children = (
				2AD8AC3C29BE999E00C0525A /* Main */,
				2AD8AC3629BE97DA00C0525A /* Routing */,
				2A18A87529B68A610060F7DB /* State */,
				2A95484029B76E1500B4AAEF /* Presentation */,
				2A95484429B76E5E00B4AAEF /* Domain */,
				2A95485229B8EFC300B4AAEF /* Data */,
				2A95485129B8EF9F00B4AAEF /* Services */,
				2AD8AC3A29BE98DF00C0525A /* Mocks */,
				2A6C3EAB29AACA3200DE3EF8 /* Core */,
			);
			path = Sources;
			sourceTree = "<group>";
		};
		2A18A86B29B546730060F7DB /* Scenes */ = {
			isa = PBXGroup;
			children = (
				2A95483C29B74F3300B4AAEF /* AuthenticationPresenter.swift */,
				2AD8AC3029BE5AF700C0525A /* AuthenticationViewModel.swift */,
				2A6C3E9F29AAC9A600DE3EF8 /* AuthenticationView.swift */,
			);
			path = Scenes;
			sourceTree = "<group>";
		};
		2A18A86F29B688140060F7DB /* Store */ = {
			isa = PBXGroup;
			children = (
				2A18A86729B540FC0060F7DB /* AppStore.swift */,
				2AD8AC2829BD3DD900C0525A /* AppStore+StateProvider.swift */,
			);
			path = Store;
			sourceTree = "<group>";
		};
		2A18A87029B6883E0060F7DB /* States */ = {
			isa = PBXGroup;
			children = (
				2A18A87E29B68DF70060F7DB /* AppState.swift */,
				2A18A87329B689320060F7DB /* UserState.swift */,
			);
			path = States;
			sourceTree = "<group>";
		};
		2A18A87129B688510060F7DB /* Reducers */ = {
			isa = PBXGroup;
			children = (
				2A18A87829B68CFB0060F7DB /* AppReducer.swift */,
				2A18A87C29B68D9A0060F7DB /* UserReducer.swift */,
			);
			path = Reducers;
			sourceTree = "<group>";
		};
		2A18A87229B688930060F7DB /* Actions */ = {
			isa = PBXGroup;
			children = (
				2A18A87A29B68D330060F7DB /* AppAction.swift */,
				2A18A87629B68C930060F7DB /* UserAction.swift */,
			);
			path = Actions;
			sourceTree = "<group>";
		};
		2A18A87529B68A610060F7DB /* State */ = {
			isa = PBXGroup;
			children = (
				2A18A86F29B688140060F7DB /* Store */,
				2A18A87229B688930060F7DB /* Actions */,
				2A18A87029B6883E0060F7DB /* States */,
				2A18A87129B688510060F7DB /* Reducers */,
			);
			path = State;
			sourceTree = "<group>";
		};
		2A6C3E9129AAC9A600DE3EF8 = {
			isa = PBXGroup;
			children = (
				2A6C3E9C29AAC9A600DE3EF8 /* Switch */,
				2A6C3E9B29AAC9A600DE3EF8 /* Products */,
			);
			sourceTree = "<group>";
		};
		2A6C3E9B29AAC9A600DE3EF8 /* Products */ = {
			isa = PBXGroup;
			children = (
				2A6C3E9A29AAC9A600DE3EF8 /* Switch.app */,
			);
			name = Products;
			sourceTree = "<group>";
		};
		2A6C3E9C29AAC9A600DE3EF8 /* Switch */ = {
			isa = PBXGroup;
			children = (
				2A18A86A29B5462D0060F7DB /* Sources */,
				2A18A86929B5422B0060F7DB /* Resources */,
				2A6C3EA329AAC9A800DE3EF8 /* Preview Content */,
			);
			path = Switch;
			sourceTree = "<group>";
		};
		2A6C3EA329AAC9A800DE3EF8 /* Preview Content */ = {
			isa = PBXGroup;
			children = (
				2A6C3EA429AAC9A800DE3EF8 /* Preview Assets.xcassets */,
			);
			path = "Preview Content";
			sourceTree = "<group>";
		};
		2A6C3EAB29AACA3200DE3EF8 /* Core */ = {
			isa = PBXGroup;
			children = (
				2A6C3EAE29AACA3200DE3EF8 /* Store.swift */,
				2AD8AC1B29BD177C00C0525A /* Presenter.swift */,
				2AD8AC3229BE6F5700C0525A /* ViewModel.swift */,
				2AD8AC1D29BD17A300C0525A /* Interactor.swift */,
				2AD8AC1F29BD1BC800C0525A /* UseCase.swift */,
			);
			path = Core;
			sourceTree = "<group>";
		};
		2A95484029B76E1500B4AAEF /* Presentation */ = {
			isa = PBXGroup;
			children = (
				2A18A86B29B546730060F7DB /* Scenes */,
			);
			path = Presentation;
			sourceTree = "<group>";
		};
		2A95484329B76E4C00B4AAEF /* Interactors */ = {
			isa = PBXGroup;
			children = (
				2A95484129B76E4600B4AAEF /* AuthenticationInteractor.swift */,
			);
			path = Interactors;
			sourceTree = "<group>";
		};
		2A95484429B76E5E00B4AAEF /* Domain */ = {
			isa = PBXGroup;
			children = (
				2A95484329B76E4C00B4AAEF /* Interactors */,
				2A95484729B772D000B4AAEF /* UseCases */,
			);
			path = Domain;
			sourceTree = "<group>";
		};
		2A95484729B772D000B4AAEF /* UseCases */ = {
			isa = PBXGroup;
			children = (
				2AD8AC1729BCDCCD00C0525A /* ValidateUsernameUseCase.swift */,
				2AD8AC1929BCDF3000C0525A /* ValidatePasswordUseCase.swift */,
				2A95484529B772C700B4AAEF /* LoginUseCase.swift */,
				2A95484829B7738500B4AAEF /* LogoutUseCase.swift */,
			);
			path = UseCases;
			sourceTree = "<group>";
		};
		2A95484E29B8EDE400B4AAEF /* Repositories */ = {
			isa = PBXGroup;
			children = (
				2A95484C29B8EDDE00B4AAEF /* UserAuthenticationRepository.swift */,
			);
			path = Repositories;
			sourceTree = "<group>";
		};
		2A95485129B8EF9F00B4AAEF /* Services */ = {
			isa = PBXGroup;
			children = (
				2A95484F29B8EF9600B4AAEF /* AuthenticationService.swift */,
			);
			path = Services;
			sourceTree = "<group>";
		};
		2A95485229B8EFC300B4AAEF /* Data */ = {
			isa = PBXGroup;
			children = (
				2A95484E29B8EDE400B4AAEF /* Repositories */,
			);
			path = Data;
			sourceTree = "<group>";
		};
		2AD8AC2329BD208800C0525A /* Dependencies */ = {
			isa = PBXGroup;
			children = (
				2AD8AC3B29BE995E00C0525A /* Providers */,
			);
			path = Dependencies;
			sourceTree = "<group>";
		};
		2AD8AC3629BE97DA00C0525A /* Routing */ = {
			isa = PBXGroup;
			children = (
				2AD8AC2329BD208800C0525A /* Dependencies */,
				2AD8AC3729BE988100C0525A /* Factory */,
			);
			path = Routing;
			sourceTree = "<group>";
		};
		2AD8AC3729BE988100C0525A /* Factory */ = {
			isa = PBXGroup;
			children = (
				2AD8AC3429BE964800C0525A /* ViewFactory.swift */,
			);
			path = Factory;
			sourceTree = "<group>";
		};
		2AD8AC3A29BE98DF00C0525A /* Mocks */ = {
			isa = PBXGroup;
			children = (
				2AD8AC3829BE98A300C0525A /* Mocks.swift */,
			);
			path = Mocks;
			sourceTree = "<group>";
		};
		2AD8AC3B29BE995E00C0525A /* Providers */ = {
			isa = PBXGroup;
			children = (
				2AD8AC2429BD2A9100C0525A /* StateProviders.swift */,
				2AD8AC2629BD2F1400C0525A /* InteractorProviders.swift */,
				2AD8AC2129BD1F1700C0525A /* UseCaseProviders.swift */,
			);
			path = Providers;
			sourceTree = "<group>";
		};
		2AD8AC3C29BE999E00C0525A /* Main */ = {
			isa = PBXGroup;
			children = (
				2A6C3E9D29AAC9A600DE3EF8 /* SwitchApp.swift */,
				2A95483A29B74DD400B4AAEF /* ContentView.swift */,
			);
			path = Main;
			sourceTree = "<group>";
		};
/* End PBXGroup section */

/* Begin PBXNativeTarget section */
		2A6C3E9929AAC9A600DE3EF8 /* Switch */ = {
			isa = PBXNativeTarget;
			buildConfigurationList = 2A6C3EA829AAC9A800DE3EF8 /* Build configuration list for PBXNativeTarget "Switch" */;
			buildPhases = (
				2A6C3E9629AAC9A600DE3EF8 /* Sources */,
				2A6C3E9729AAC9A600DE3EF8 /* Frameworks */,
				2A6C3E9829AAC9A600DE3EF8 /* Resources */,
			);
			buildRules = (
			);
			dependencies = (
			);
			name = Switch;
			productName = Switch;
			productReference = 2A6C3E9A29AAC9A600DE3EF8 /* Switch.app */;
			productType = "com.apple.product-type.application";
		};
/* End PBXNativeTarget section */

/* Begin PBXProject section */
		2A6C3E9229AAC9A600DE3EF8 /* Project object */ = {
			isa = PBXProject;
			attributes = {
				BuildIndependentTargetsInParallel = 1;
				LastSwiftUpdateCheck = 1420;
				LastUpgradeCheck = 1420;
				TargetAttributes = {
					2A6C3E9929AAC9A600DE3EF8 = {
						CreatedOnToolsVersion = 14.2;
					};
				};
			};
			buildConfigurationList = 2A6C3E9529AAC9A600DE3EF8 /* Build configuration list for PBXProject "Switch" */;
			compatibilityVersion = "Xcode 14.0";
			developmentRegion = en;
			hasScannedForEncodings = 0;
			knownRegions = (
				en,
				Base,
			);
			mainGroup = 2A6C3E9129AAC9A600DE3EF8;
			productRefGroup = 2A6C3E9B29AAC9A600DE3EF8 /* Products */;
			projectDirPath = "";
			projectRoot = "";
			targets = (
				2A6C3E9929AAC9A600DE3EF8 /* Switch */,
			);
		};
/* End PBXProject section */

/* Begin PBXResourcesBuildPhase section */
		2A6C3E9829AAC9A600DE3EF8 /* Resources */ = {
			isa = PBXResourcesBuildPhase;
			buildActionMask = 2147483647;
			files = (
				2A18A86D29B54BAF0060F7DB /* Assets.xcassets in Resources */,
				2A6C3EA529AAC9A800DE3EF8 /* Preview Assets.xcassets in Resources */,
			);
			runOnlyForDeploymentPostprocessing = 0;
		};
/* End PBXResourcesBuildPhase section */

/* Begin PBXSourcesBuildPhase section */
		2A6C3E9629AAC9A600DE3EF8 /* Sources */ = {
			isa = PBXSourcesBuildPhase;
			buildActionMask = 2147483647;
			files = (
				2A95483D29B74F3300B4AAEF /* AuthenticationPresenter.swift in Sources */,
				2A95484229B76E4600B4AAEF /* AuthenticationInteractor.swift in Sources */,
				2AD8AC2529BD2A9100C0525A /* StateProviders.swift in Sources */,
				2A18A87F29B68DF70060F7DB /* AppState.swift in Sources */,
				2A95484929B7738500B4AAEF /* LogoutUseCase.swift in Sources */,
				2A95483B29B74DD400B4AAEF /* ContentView.swift in Sources */,
				2AD8AC3129BE5AF700C0525A /* AuthenticationViewModel.swift in Sources */,
				2AD8AC2229BD1F1700C0525A /* UseCaseProviders.swift in Sources */,
				2AD8AC2929BD3DD900C0525A /* AppStore+StateProvider.swift in Sources */,
				2AD8AC2029BD1BC800C0525A /* UseCase.swift in Sources */,
				2A18A87B29B68D330060F7DB /* AppAction.swift in Sources */,
				2A6C3EA029AAC9A600DE3EF8 /* AuthenticationView.swift in Sources */,
				2A18A87D29B68D9A0060F7DB /* UserReducer.swift in Sources */,
				2A18A87429B689320060F7DB /* UserState.swift in Sources */,
				2A18A87929B68CFB0060F7DB /* AppReducer.swift in Sources */,
				2A6C3E9E29AAC9A600DE3EF8 /* SwitchApp.swift in Sources */,
				2AD8AC1A29BCDF3000C0525A /* ValidatePasswordUseCase.swift in Sources */,
				2AD8AC1E29BD17A300C0525A /* Interactor.swift in Sources */,
				2A18A86529B537E70060F7DB /* Store.swift in Sources */,
				2A95484D29B8EDDE00B4AAEF /* UserAuthenticationRepository.swift in Sources */,
				2AD8AC1C29BD177C00C0525A /* Presenter.swift in Sources */,
				2AD8AC3529BE964800C0525A /* ViewFactory.swift in Sources */,
				2AD8AC1829BCDCCD00C0525A /* ValidateUsernameUseCase.swift in Sources */,
				2A95485029B8EF9600B4AAEF /* AuthenticationService.swift in Sources */,
				2AD8AC2729BD2F1400C0525A /* InteractorProviders.swift in Sources */,
				2A95484629B772C700B4AAEF /* LoginUseCase.swift in Sources */,
				2A18A87729B68C930060F7DB /* UserAction.swift in Sources */,
				2A18A86829B540FC0060F7DB /* AppStore.swift in Sources */,
				2AD8AC3329BE6F5700C0525A /* ViewModel.swift in Sources */,
				2AD8AC3929BE98A300C0525A /* Mocks.swift in Sources */,
			);
			runOnlyForDeploymentPostprocessing = 0;
		};
/* End PBXSourcesBuildPhase section */

/* Begin XCBuildConfiguration section */
		2A6C3EA629AAC9A800DE3EF8 /* Debug */ = {
			isa = XCBuildConfiguration;
			buildSettings = {
				ALWAYS_SEARCH_USER_PATHS = NO;
				CLANG_ANALYZER_NONNULL = YES;
				CLANG_ANALYZER_NUMBER_OBJECT_CONVERSION = YES_AGGRESSIVE;
				CLANG_CXX_LANGUAGE_STANDARD = "gnu++20";
				CLANG_ENABLE_MODULES = YES;
				CLANG_ENABLE_OBJC_ARC = YES;
				CLANG_ENABLE_OBJC_WEAK = YES;
				CLANG_WARN_BLOCK_CAPTURE_AUTORELEASING = YES;
				CLANG_WARN_BOOL_CONVERSION = YES;
				CLANG_WARN_COMMA = YES;
				CLANG_WARN_CONSTANT_CONVERSION = YES;
				CLANG_WARN_DEPRECATED_OBJC_IMPLEMENTATIONS = YES;
				CLANG_WARN_DIRECT_OBJC_ISA_USAGE = YES_ERROR;
				CLANG_WARN_DOCUMENTATION_COMMENTS = YES;
				CLANG_WARN_EMPTY_BODY = YES;
				CLANG_WARN_ENUM_CONVERSION = YES;
				CLANG_WARN_INFINITE_RECURSION = YES;
				CLANG_WARN_INT_CONVERSION = YES;
				CLANG_WARN_NON_LITERAL_NULL_CONVERSION = YES;
				CLANG_WARN_OBJC_IMPLICIT_RETAIN_SELF = YES;
				CLANG_WARN_OBJC_LITERAL_CONVERSION = YES;
				CLANG_WARN_OBJC_ROOT_CLASS = YES_ERROR;
				CLANG_WARN_QUOTED_INCLUDE_IN_FRAMEWORK_HEADER = YES;
				CLANG_WARN_RANGE_LOOP_ANALYSIS = YES;
				CLANG_WARN_STRICT_PROTOTYPES = YES;
				CLANG_WARN_SUSPICIOUS_MOVE = YES;
				CLANG_WARN_UNGUARDED_AVAILABILITY = YES_AGGRESSIVE;
				CLANG_WARN_UNREACHABLE_CODE = YES;
				CLANG_WARN__DUPLICATE_METHOD_MATCH = YES;
				COPY_PHASE_STRIP = NO;
				DEBUG_INFORMATION_FORMAT = dwarf;
				ENABLE_STRICT_OBJC_MSGSEND = YES;
				ENABLE_TESTABILITY = YES;
				GCC_C_LANGUAGE_STANDARD = gnu11;
				GCC_DYNAMIC_NO_PIC = NO;
				GCC_NO_COMMON_BLOCKS = YES;
				GCC_OPTIMIZATION_LEVEL = 0;
				GCC_PREPROCESSOR_DEFINITIONS = (
					"DEBUG=1",
					"$(inherited)",
				);
				GCC_WARN_64_TO_32_BIT_CONVERSION = YES;
				GCC_WARN_ABOUT_RETURN_TYPE = YES_ERROR;
				GCC_WARN_UNDECLARED_SELECTOR = YES;
				GCC_WARN_UNINITIALIZED_AUTOS = YES_AGGRESSIVE;
				GCC_WARN_UNUSED_FUNCTION = YES;
				GCC_WARN_UNUSED_VARIABLE = YES;
				GENERATE_INFOPLIST_FILE = NO;
				INFOPLIST_FILE = "";
				IPHONEOS_DEPLOYMENT_TARGET = 16.2;
				MTL_ENABLE_DEBUG_INFO = INCLUDE_SOURCE;
				MTL_FAST_MATH = YES;
				ONLY_ACTIVE_ARCH = YES;
				SDKROOT = iphoneos;
				SWIFT_ACTIVE_COMPILATION_CONDITIONS = DEBUG;
				SWIFT_OPTIMIZATION_LEVEL = "-Onone";
			};
			name = Debug;
		};
		2A6C3EA729AAC9A800DE3EF8 /* Release */ = {
			isa = XCBuildConfiguration;
			buildSettings = {
				ALWAYS_SEARCH_USER_PATHS = NO;
				CLANG_ANALYZER_NONNULL = YES;
				CLANG_ANALYZER_NUMBER_OBJECT_CONVERSION = YES_AGGRESSIVE;
				CLANG_CXX_LANGUAGE_STANDARD = "gnu++20";
				CLANG_ENABLE_MODULES = YES;
				CLANG_ENABLE_OBJC_ARC = YES;
				CLANG_ENABLE_OBJC_WEAK = YES;
				CLANG_WARN_BLOCK_CAPTURE_AUTORELEASING = YES;
				CLANG_WARN_BOOL_CONVERSION = YES;
				CLANG_WARN_COMMA = YES;
				CLANG_WARN_CONSTANT_CONVERSION = YES;
				CLANG_WARN_DEPRECATED_OBJC_IMPLEMENTATIONS = YES;
				CLANG_WARN_DIRECT_OBJC_ISA_USAGE = YES_ERROR;
				CLANG_WARN_DOCUMENTATION_COMMENTS = YES;
				CLANG_WARN_EMPTY_BODY = YES;
				CLANG_WARN_ENUM_CONVERSION = YES;
				CLANG_WARN_INFINITE_RECURSION = YES;
				CLANG_WARN_INT_CONVERSION = YES;
				CLANG_WARN_NON_LITERAL_NULL_CONVERSION = YES;
				CLANG_WARN_OBJC_IMPLICIT_RETAIN_SELF = YES;
				CLANG_WARN_OBJC_LITERAL_CONVERSION = YES;
				CLANG_WARN_OBJC_ROOT_CLASS = YES_ERROR;
				CLANG_WARN_QUOTED_INCLUDE_IN_FRAMEWORK_HEADER = YES;
				CLANG_WARN_RANGE_LOOP_ANALYSIS = YES;
				CLANG_WARN_STRICT_PROTOTYPES = YES;
				CLANG_WARN_SUSPICIOUS_MOVE = YES;
				CLANG_WARN_UNGUARDED_AVAILABILITY = YES_AGGRESSIVE;
				CLANG_WARN_UNREACHABLE_CODE = YES;
				CLANG_WARN__DUPLICATE_METHOD_MATCH = YES;
				COPY_PHASE_STRIP = NO;
				DEBUG_INFORMATION_FORMAT = "dwarf-with-dsym";
				ENABLE_NS_ASSERTIONS = NO;
				ENABLE_STRICT_OBJC_MSGSEND = YES;
				GCC_C_LANGUAGE_STANDARD = gnu11;
				GCC_NO_COMMON_BLOCKS = YES;
				GCC_WARN_64_TO_32_BIT_CONVERSION = YES;
				GCC_WARN_ABOUT_RETURN_TYPE = YES_ERROR;
				GCC_WARN_UNDECLARED_SELECTOR = YES;
				GCC_WARN_UNINITIALIZED_AUTOS = YES_AGGRESSIVE;
				GCC_WARN_UNUSED_FUNCTION = YES;
				GCC_WARN_UNUSED_VARIABLE = YES;
				GENERATE_INFOPLIST_FILE = NO;
				INFOPLIST_FILE = "";
				IPHONEOS_DEPLOYMENT_TARGET = 16.2;
				MTL_ENABLE_DEBUG_INFO = NO;
				MTL_FAST_MATH = YES;
				SDKROOT = iphoneos;
				SWIFT_COMPILATION_MODE = wholemodule;
				SWIFT_OPTIMIZATION_LEVEL = "-O";
				VALIDATE_PRODUCT = YES;
			};
			name = Release;
		};
		2A6C3EA929AAC9A800DE3EF8 /* Debug */ = {
			isa = XCBuildConfiguration;
			buildSettings = {
				ASSETCATALOG_COMPILER_APPICON_NAME = AppIcon;
				ASSETCATALOG_COMPILER_GLOBAL_ACCENT_COLOR_NAME = AccentColor;
				CODE_SIGN_STYLE = Automatic;
				CURRENT_PROJECT_VERSION = 1;
				DEVELOPMENT_ASSET_PATHS = Switch/Resources/Assets.xcassets;
				DEVELOPMENT_TEAM = "";
				ENABLE_PREVIEWS = YES;
				GENERATE_INFOPLIST_FILE = YES;
				INFOPLIST_FILE = Switch/Resources/Info.plist;
				INFOPLIST_KEY_UIApplicationSupportsIndirectInputEvents = YES;
				INFOPLIST_KEY_UILaunchScreen_Generation = YES;
				INFOPLIST_KEY_UISupportedInterfaceOrientations_iPad = "UIInterfaceOrientationPortrait UIInterfaceOrientationPortraitUpsideDown UIInterfaceOrientationLandscapeLeft UIInterfaceOrientationLandscapeRight";
				INFOPLIST_KEY_UISupportedInterfaceOrientations_iPhone = "UIInterfaceOrientationPortrait UIInterfaceOrientationLandscapeLeft UIInterfaceOrientationLandscapeRight";
				LD_RUNPATH_SEARCH_PATHS = (
					"$(inherited)",
					"@executable_path/Frameworks",
				);
				MARKETING_VERSION = 1.0;
				PRODUCT_BUNDLE_IDENTIFIER = com.stepan.vardanyan.switch;
				PRODUCT_NAME = "$(TARGET_NAME)";
				SUPPORTED_PLATFORMS = "iphoneos iphonesimulator";
				SUPPORTS_MACCATALYST = NO;
				SUPPORTS_MAC_DESIGNED_FOR_IPHONE_IPAD = NO;
				SWIFT_EMIT_LOC_STRINGS = YES;
				SWIFT_VERSION = 5.0;
				TARGETED_DEVICE_FAMILY = 1;
			};
			name = Debug;
		};
		2A6C3EAA29AAC9A800DE3EF8 /* Release */ = {
			isa = XCBuildConfiguration;
			buildSettings = {
				ASSETCATALOG_COMPILER_APPICON_NAME = AppIcon;
				ASSETCATALOG_COMPILER_GLOBAL_ACCENT_COLOR_NAME = AccentColor;
				CODE_SIGN_STYLE = Automatic;
				CURRENT_PROJECT_VERSION = 1;
				DEVELOPMENT_ASSET_PATHS = Switch/Resources/Assets.xcassets;
				DEVELOPMENT_TEAM = "";
				ENABLE_PREVIEWS = YES;
				GENERATE_INFOPLIST_FILE = YES;
				INFOPLIST_FILE = Switch/Resources/Info.plist;
				INFOPLIST_KEY_UIApplicationSupportsIndirectInputEvents = YES;
				INFOPLIST_KEY_UILaunchScreen_Generation = YES;
				INFOPLIST_KEY_UISupportedInterfaceOrientations_iPad = "UIInterfaceOrientationPortrait UIInterfaceOrientationPortraitUpsideDown UIInterfaceOrientationLandscapeLeft UIInterfaceOrientationLandscapeRight";
				INFOPLIST_KEY_UISupportedInterfaceOrientations_iPhone = "UIInterfaceOrientationPortrait UIInterfaceOrientationLandscapeLeft UIInterfaceOrientationLandscapeRight";
				LD_RUNPATH_SEARCH_PATHS = (
					"$(inherited)",
					"@executable_path/Frameworks",
				);
				MARKETING_VERSION = 1.0;
				PRODUCT_BUNDLE_IDENTIFIER = com.stepan.vardanyan.switch;
				PRODUCT_NAME = "$(TARGET_NAME)";
				SUPPORTED_PLATFORMS = "iphoneos iphonesimulator";
				SUPPORTS_MACCATALYST = NO;
				SUPPORTS_MAC_DESIGNED_FOR_IPHONE_IPAD = NO;
				SWIFT_EMIT_LOC_STRINGS = YES;
				SWIFT_VERSION = 5.0;
				TARGETED_DEVICE_FAMILY = 1;
			};
			name = Release;
		};
/* End XCBuildConfiguration section */

/* Begin XCConfigurationList section */
		2A6C3E9529AAC9A600DE3EF8 /* Build configuration list for PBXProject "Switch" */ = {
			isa = XCConfigurationList;
			buildConfigurations = (
				2A6C3EA629AAC9A800DE3EF8 /* Debug */,
				2A6C3EA729AAC9A800DE3EF8 /* Release */,
			);
			defaultConfigurationIsVisible = 0;
			defaultConfigurationName = Release;
		};
		2A6C3EA829AAC9A800DE3EF8 /* Build configuration list for PBXNativeTarget "Switch" */ = {
			isa = XCConfigurationList;
			buildConfigurations = (
				2A6C3EA929AAC9A800DE3EF8 /* Debug */,
				2A6C3EAA29AAC9A800DE3EF8 /* Release */,
			);
			defaultConfigurationIsVisible = 0;
			defaultConfigurationName = Release;
		};
/* End XCConfigurationList section */
	};
	rootObject = 2A6C3E9229AAC9A600DE3EF8 /* Project object */;
}
